# Generated by pub
# See http://pub.dartlang.org/doc/glossary.html#lockfile
packages:
  petitparser:
    description:
      name: petitparser
      url: "https://pub.dartlang.org"
    source: hosted
    version: "1.5.3"
  xml:
    description:
      name: xml
      url: "https://pub.dartlang.org"
    source: hosted
    version: "2.4.3"
sdks:
  dart: ">=1.8.0 <2.0.0"
